
Microsoft Visual Studio Solution File, Format Version 12.00
# Visual Studio Version 16
VisualStudioVersion = 16.0.29306.81
MinimumVisualStudioVersion = 10.0.40219.1
Project("{FAE04EC0-301F-11D3-BF4B-00C04F79EFBC}") = "HomeWork", "HomeWork\HomeWork.csproj", "{B2268AEF-231B-4B58-BBB4-E2E5198CC9C6}"
EndProject
Global
	GlobalSection(SolutionConfigurationPlatforms) = preSolution
		Debug|Any CPU = Debug|Any CPU
		Release|Any CPU = Release|Any CPU
	EndGlobalSection
	GlobalSection(ProjectConfigurationPlatforms) = postSolution
		{B2268AEF-231B-4B58-BBB4-E2E5198CC9C6}.Debug|Any CPU.ActiveCfg = Debug|Any CPU
		{B2268AEF-231B-4B58-BBB4-E2E5198CC9C6}.Debug|Any CPU.Build.0 = Debug|Any CPU
		{B2268AEF-231B-4B58-BBB4-E2E5198CC9C6}.Release|Any CPU.ActiveCfg = Release|Any CPU
		{B2268AEF-231B-4B58-BBB4-E2E5198CC9C6}.Release|Any CPU.Build.0 = Release|Any CPU
	EndGlobalSection
	GlobalSection(SolutionProperties) = preSolution
		HideSolutionNode = FALSE
	EndGlobalSection
	GlobalSection(ExtensibilityGlobals) = postSolution
		SolutionGuid = {1C310B3D-56C0-4BC0-9F65-828DD5CAB88D}
	EndGlobalSection
EndGlobal
